
Microsoft Visual Studio Solution File, Format Version 12.00
# Visual Studio Version 16
VisualStudioVersion = 16.0.32510.428
MinimumVisualStudioVersion = 10.0.40219.1
Project("{FAE04EC0-301F-11D3-BF4B-00C04F79EFBC}") = "LAB_5_TH", "LAB_5_TH\LAB_5_TH.csproj", "{50EB9117-2D7C-481C-AE3E-2EF9CCFEC57A}"
EndProject
Global
	GlobalSection(SolutionConfigurationPlatforms) = preSolution
		Debug|Any CPU = Debug|Any CPU
		Release|Any CPU = Release|Any CPU
	EndGlobalSection
	GlobalSection(ProjectConfigurationPlatforms) = postSolution
		{50EB9117-2D7C-481C-AE3E-2EF9CCFEC57A}.Debug|Any CPU.ActiveCfg = Debug|Any CPU
		{50EB9117-2D7C-481C-AE3E-2EF9CCFEC57A}.Debug|Any CPU.Build.0 = Debug|Any CPU
		{50EB9117-2D7C-481C-AE3E-2EF9CCFEC57A}.Release|Any CPU.ActiveCfg = Release|Any CPU
		{50EB9117-2D7C-481C-AE3E-2EF9CCFEC57A}.Release|Any CPU.Build.0 = Release|Any CPU
	EndGlobalSection
	GlobalSection(SolutionProperties) = preSolution
		HideSolutionNode = FALSE
	EndGlobalSection
	GlobalSection(ExtensibilityGlobals) = postSolution
		SolutionGuid = {E2A64BB4-A76A-41A3-AE12-D0EBDE128A74}
	EndGlobalSection
EndGlobal
